// !$*UTF8*$!
{
	archiveVersion = 1;
	classes = {
	};
	objectVersion = 48;
	objects = {

/* Begin PBXBuildFile section */
		4CE0696C20C0BE5E00E1A435 /* AppDelegate.swift in Sources */ = {isa = PBXBuildFile; fileRef = 4CE0696B20C0BE5E00E1A435 /* AppDelegate.swift */; };
		4CE0696E20C0BE5E00E1A435 /* ViewController.swift in Sources */ = {isa = PBXBuildFile; fileRef = 4CE0696D20C0BE5E00E1A435 /* ViewController.swift */; };
		4CE0697120C0BE5E00E1A435 /* Main.storyboard in Resources */ = {isa = PBXBuildFile; fileRef = 4CE0696F20C0BE5E00E1A435 /* Main.storyboard */; };
		4CE0697320C0BE5E00E1A435 /* Assets.xcassets in Resources */ = {isa = PBXBuildFile; fileRef = 4CE0697220C0BE5E00E1A435 /* Assets.xcassets */; };
		4CE0697620C0BE5E00E1A435 /* LaunchScreen.storyboard in Resources */ = {isa = PBXBuildFile; fileRef = 4CE0697420C0BE5E00E1A435 /* LaunchScreen.storyboard */; };
		4CE0698120C0BE5F00E1A435 /* MarvelTests.swift in Sources */ = {isa = PBXBuildFile; fileRef = 4CE0698020C0BE5F00E1A435 /* MarvelTests.swift */; };
		4CE0698C20C0BE5F00E1A435 /* MarvelUITests.swift in Sources */ = {isa = PBXBuildFile; fileRef = 4CE0698B20C0BE5F00E1A435 /* MarvelUITests.swift */; };
		4CE0699A20C0C01500E1A435 /* Heroes.swift in Sources */ = {isa = PBXBuildFile; fileRef = 4CE0699920C0C01500E1A435 /* Heroes.swift */; };
		4CE0699C20C0C46B00E1A435 /* TableViewCell.swift in Sources */ = {isa = PBXBuildFile; fileRef = 4CE0699B20C0C46B00E1A435 /* TableViewCell.swift */; };
		4CE069A020C0C95B00E1A435 /* HeroesDetailsViewController.swift in Sources */ = {isa = PBXBuildFile; fileRef = 4CE0699F20C0C95B00E1A435 /* HeroesDetailsViewController.swift */; };
/* End PBXBuildFile section */

/* Begin PBXContainerItemProxy section */
		4CE0697D20C0BE5F00E1A435 /* PBXContainerItemProxy */ = {
			isa = PBXContainerItemProxy;
			containerPortal = 4CE0696020C0BE5E00E1A435 /* Project object */;
			proxyType = 1;
			remoteGlobalIDString = 4CE0696720C0BE5E00E1A435;
			remoteInfo = Marvel;
		};
		4CE0698820C0BE5F00E1A435 /* PBXContainerItemProxy */ = {
			isa = PBXContainerItemProxy;
			containerPortal = 4CE0696020C0BE5E00E1A435 /* Project object */;
			proxyType = 1;
			remoteGlobalIDString = 4CE0696720C0BE5E00E1A435;
			remoteInfo = Marvel;
		};
/* End PBXContainerItemProxy section */

/* Begin PBXFileReference section */
		4CE0696820C0BE5E00E1A435 /* Marvel.app */ = {isa = PBXFileReference; explicitFileType = wrapper.application; includeInIndex = 0; path = Marvel.app; sourceTree = BUILT_PRODUCTS_DIR; };
		4CE0696B20C0BE5E00E1A435 /* AppDelegate.swift */ = {isa = PBXFileReference; lastKnownFileType = sourcecode.swift; path = AppDelegate.swift; sourceTree = "<group>"; };
		4CE0696D20C0BE5E00E1A435 /* ViewController.swift */ = {isa = PBXFileReference; lastKnownFileType = sourcecode.swift; path = ViewController.swift; sourceTree = "<group>"; };
		4CE0697020C0BE5E00E1A435 /* Base */ = {isa = PBXFileReference; lastKnownFileType = file.storyboard; name = Base; path = Base.lproj/Main.storyboard; sourceTree = "<group>"; };
		4CE0697220C0BE5E00E1A435 /* Assets.xcassets */ = {isa = PBXFileReference; lastKnownFileType = folder.assetcatalog; path = Assets.xcassets; sourceTree = "<group>"; };
		4CE0697520C0BE5E00E1A435 /* Base */ = {isa = PBXFileReference; lastKnownFileType = file.storyboard; name = Base; path = Base.lproj/LaunchScreen.storyboard; sourceTree = "<group>"; };
		4CE0697720C0BE5E00E1A435 /* Info.plist */ = {isa = PBXFileReference; lastKnownFileType = text.plist.xml; path = Info.plist; sourceTree = "<group>"; };
		4CE0697C20C0BE5F00E1A435 /* MarvelTests.xctest */ = {isa = PBXFileReference; explicitFileType = wrapper.cfbundle; includeInIndex = 0; path = MarvelTests.xctest; sourceTree = BUILT_PRODUCTS_DIR; };
		4CE0698020C0BE5F00E1A435 /* MarvelTests.swift */ = {isa = PBXFileReference; lastKnownFileType = sourcecode.swift; path = MarvelTests.swift; sourceTree = "<group>"; };
		4CE0698220C0BE5F00E1A435 /* Info.plist */ = {isa = PBXFileReference; lastKnownFileType = text.plist.xml; path = Info.plist; sourceTree = "<group>"; };
		4CE0698720C0BE5F00E1A435 /* MarvelUITests.xctest */ = {isa = PBXFileReference; explicitFileType = wrapper.cfbundle; includeInIndex = 0; path = MarvelUITests.xctest; sourceTree = BUILT_PRODUCTS_DIR; };
		4CE0698B20C0BE5F00E1A435 /* MarvelUITests.swift */ = {isa = PBXFileReference; lastKnownFileType = sourcecode.swift; path = MarvelUITests.swift; sourceTree = "<group>"; };
		4CE0698D20C0BE5F00E1A435 /* Info.plist */ = {isa = PBXFileReference; lastKnownFileType = text.plist.xml; path = Info.plist; sourceTree = "<group>"; };
		4CE0699920C0C01500E1A435 /* Heroes.swift */ = {isa = PBXFileReference; lastKnownFileType = sourcecode.swift; path = Heroes.swift; sourceTree = "<group>"; };
		4CE0699B20C0C46B00E1A435 /* TableViewCell.swift */ = {isa = PBXFileReference; lastKnownFileType = sourcecode.swift; path = TableViewCell.swift; sourceTree = "<group>"; };
		4CE0699F20C0C95B00E1A435 /* HeroesDetailsViewController.swift */ = {isa = PBXFileReference; lastKnownFileType = sourcecode.swift; path = HeroesDetailsViewController.swift; sourceTree = "<group>"; };
/* End PBXFileReference section */

/* Begin PBXFrameworksBuildPhase section */
		4CE0696520C0BE5E00E1A435 /* Frameworks */ = {
			isa = PBXFrameworksBuildPhase;
			buildActionMask = 2147483647;
			files = (
			);
			runOnlyForDeploymentPostprocessing = 0;
		};
		4CE0697920C0BE5F00E1A435 /* Frameworks */ = {
			isa = PBXFrameworksBuildPhase;
			buildActionMask = 2147483647;
			files = (
			);
			runOnlyForDeploymentPostprocessing = 0;
		};
		4CE0698420C0BE5F00E1A435 /* Frameworks */ = {
			isa = PBXFrameworksBuildPhase;
			buildActionMask = 2147483647;
			files = (
			);
			runOnlyForDeploymentPostprocessing = 0;
		};
/* End PBXFrameworksBuildPhase section */

/* Begin PBXGroup section */
		4CE0695F20C0BE5E00E1A435 = {
			isa = PBXGroup;
			children = (
				4CE0696A20C0BE5E00E1A435 /* Marvel */,
				4CE0697F20C0BE5F00E1A435 /* MarvelTests */,
				4CE0698A20C0BE5F00E1A435 /* MarvelUITests */,
				4CE0696920C0BE5E00E1A435 /* Products */,
			);
			sourceTree = "<group>";
		};
		4CE0696920C0BE5E00E1A435 /* Products */ = {
			isa = PBXGroup;
			children = (
				4CE0696820C0BE5E00E1A435 /* Marvel.app */,
				4CE0697C20C0BE5F00E1A435 /* MarvelTests.xctest */,
				4CE0698720C0BE5F00E1A435 /* MarvelUITests.xctest */,
			);
			name = Products;
			sourceTree = "<group>";
		};
		4CE0696A20C0BE5E00E1A435 /* Marvel */ = {
			isa = PBXGroup;
			children = (
				4CE0699F20C0C95B00E1A435 /* HeroesDetailsViewController.swift */,
				4CE0696B20C0BE5E00E1A435 /* AppDelegate.swift */,
				4CE0696D20C0BE5E00E1A435 /* ViewController.swift */,
				4CE0699B20C0C46B00E1A435 /* TableViewCell.swift */,
				4CE0699920C0C01500E1A435 /* Heroes.swift */,
				4CE0696F20C0BE5E00E1A435 /* Main.storyboard */,
				4CE0697220C0BE5E00E1A435 /* Assets.xcassets */,
				4CE0697420C0BE5E00E1A435 /* LaunchScreen.storyboard */,
				4CE0697720C0BE5E00E1A435 /* Info.plist */,
			);
			path = Marvel;
			sourceTree = "<group>";
		};
		4CE0697F20C0BE5F00E1A435 /* MarvelTests */ = {
			isa = PBXGroup;
			children = (
				4CE0698020C0BE5F00E1A435 /* MarvelTests.swift */,
				4CE0698220C0BE5F00E1A435 /* Info.plist */,
			);
			path = MarvelTests;
			sourceTree = "<group>";
		};
		4CE0698A20C0BE5F00E1A435 /* MarvelUITests */ = {
			isa = PBXGroup;
			children = (
				4CE0698B20C0BE5F00E1A435 /* MarvelUITests.swift */,
				4CE0698D20C0BE5F00E1A435 /* Info.plist */,
			);
			path = MarvelUITests;
			sourceTree = "<group>";
		};
/* End PBXGroup section */

/* Begin PBXNativeTarget section */
		4CE0696720C0BE5E00E1A435 /* Marvel */ = {
			isa = PBXNativeTarget;
			buildConfigurationList = 4CE0699020C0BE5F00E1A435 /* Build configuration list for PBXNativeTarget "Marvel" */;
			buildPhases = (
				4CE0696420C0BE5E00E1A435 /* Sources */,
				4CE0696520C0BE5E00E1A435 /* Frameworks */,
				4CE0696620C0BE5E00E1A435 /* Resources */,
			);
			buildRules = (
			);
			dependencies = (
			);
			name = Marvel;
			productName = Marvel;
			productReference = 4CE0696820C0BE5E00E1A435 /* Marvel.app */;
			productType = "com.apple.product-type.application";
		};
		4CE0697B20C0BE5F00E1A435 /* MarvelTests */ = {
			isa = PBXNativeTarget;
			buildConfigurationList = 4CE0699320C0BE5F00E1A435 /* Build configuration list for PBXNativeTarget "MarvelTests" */;
			buildPhases = (
				4CE0697820C0BE5F00E1A435 /* Sources */,
				4CE0697920C0BE5F00E1A435 /* Frameworks */,
				4CE0697A20C0BE5F00E1A435 /* Resources */,
			);
			buildRules = (
			);
			dependencies = (
				4CE0697E20C0BE5F00E1A435 /* PBXTargetDependency */,
			);
			name = MarvelTests;
			productName = MarvelTests;
			productReference = 4CE0697C20C0BE5F00E1A435 /* MarvelTests.xctest */;
			productType = "com.apple.product-type.bundle.unit-test";
		};
		4CE0698620C0BE5F00E1A435 /* MarvelUITests */ = {
			isa = PBXNativeTarget;
			buildConfigurationList = 4CE0699620C0BE5F00E1A435 /* Build configuration list for PBXNativeTarget "MarvelUITests" */;
			buildPhases = (
				4CE0698320C0BE5F00E1A435 /* Sources */,
				4CE0698420C0BE5F00E1A435 /* Frameworks */,
				4CE0698520C0BE5F00E1A435 /* Resources */,
			);
			buildRules = (
			);
			dependencies = (
				4CE0698920C0BE5F00E1A435 /* PBXTargetDependency */,
			);
			name = MarvelUITests;
			productName = MarvelUITests;
			productReference = 4CE0698720C0BE5F00E1A435 /* MarvelUITests.xctest */;
			productType = "com.apple.product-type.bundle.ui-testing";
		};
/* End PBXNativeTarget section */

/* Begin PBXProject section */
		4CE0696020C0BE5E00E1A435 /* Project object */ = {
			isa = PBXProject;
			attributes = {
				LastSwiftUpdateCheck = 0920;
				LastUpgradeCheck = 0920;
				ORGANIZATIONNAME = epita;
				TargetAttributes = {
					4CE0696720C0BE5E00E1A435 = {
						CreatedOnToolsVersion = 9.2;
						ProvisioningStyle = Automatic;
					};
					4CE0697B20C0BE5F00E1A435 = {
						CreatedOnToolsVersion = 9.2;
						ProvisioningStyle = Automatic;
						TestTargetID = 4CE0696720C0BE5E00E1A435;
					};
					4CE0698620C0BE5F00E1A435 = {
						CreatedOnToolsVersion = 9.2;
						ProvisioningStyle = Automatic;
						TestTargetID = 4CE0696720C0BE5E00E1A435;
					};
				};
			};
			buildConfigurationList = 4CE0696320C0BE5E00E1A435 /* Build configuration list for PBXProject "Marvel" */;
			compatibilityVersion = "Xcode 8.0";
			developmentRegion = en;
			hasScannedForEncodings = 0;
			knownRegions = (
				en,
				Base,
			);
			mainGroup = 4CE0695F20C0BE5E00E1A435;
			productRefGroup = 4CE0696920C0BE5E00E1A435 /* Products */;
			projectDirPath = "";
			projectRoot = "";
			targets = (
				4CE0696720C0BE5E00E1A435 /* Marvel */,
				4CE0697B20C0BE5F00E1A435 /* MarvelTests */,
				4CE0698620C0BE5F00E1A435 /* MarvelUITests */,
			);
		};
/* End PBXProject section */

/* Begin PBXResourcesBuildPhase section */
		4CE0696620C0BE5E00E1A435 /* Resources */ = {
			isa = PBXResourcesBuildPhase;
			buildActionMask = 2147483647;
			files = (
				4CE0697620C0BE5E00E1A435 /* LaunchScreen.storyboard in Resources */,
				4CE0697320C0BE5E00E1A435 /* Assets.xcassets in Resources */,
				4CE0697120C0BE5E00E1A435 /* Main.storyboard in Resources */,
			);
			runOnlyForDeploymentPostprocessing = 0;
		};
		4CE0697A20C0BE5F00E1A435 /* Resources */ = {
			isa = PBXResourcesBuildPhase;
			buildActionMask = 2147483647;
			files = (
			);
			runOnlyForDeploymentPostprocessing = 0;
		};
		4CE0698520C0BE5F00E1A435 /* Resources */ = {
			isa = PBXResourcesBuildPhase;
			buildActionMask = 2147483647;
			files = (
			);
			runOnlyForDeploymentPostprocessing = 0;
		};
/* End PBXResourcesBuildPhase section */

/* Begin PBXSourcesBuildPhase section */
		4CE0696420C0BE5E00E1A435 /* Sources */ = {
			isa = PBXSourcesBuildPhase;
			buildActionMask = 2147483647;
			files = (
				4CE0699A20C0C01500E1A435 /* Heroes.swift in Sources */,
				4CE0699C20C0C46B00E1A435 /* TableViewCell.swift in Sources */,
				4CE0696E20C0BE5E00E1A435 /* ViewController.swift in Sources */,
				4CE069A020C0C95B00E1A435 /* HeroesDetailsViewController.swift in Sources */,
				4CE0696C20C0BE5E00E1A435 /* AppDelegate.swift in Sources */,
			);
			runOnlyForDeploymentPostprocessing = 0;
		};
		4CE0697820C0BE5F00E1A435 /* Sources */ = {
			isa = PBXSourcesBuildPhase;
			buildActionMask = 2147483647;
			files = (
				4CE0698120C0BE5F00E1A435 /* MarvelTests.swift in Sources */,
			);
			runOnlyForDeploymentPostprocessing = 0;
		};
		4CE0698320C0BE5F00E1A435 /* Sources */ = {
			isa = PBXSourcesBuildPhase;
			buildActionMask = 2147483647;
			files = (
				4CE0698C20C0BE5F00E1A435 /* MarvelUITests.swift in Sources */,
			);
			runOnlyForDeploymentPostprocessing = 0;
		};
/* End PBXSourcesBuildPhase section */

/* Begin PBXTargetDependency section */
		4CE0697E20C0BE5F00E1A435 /* PBXTargetDependency */ = {
			isa = PBXTargetDependency;
			target = 4CE0696720C0BE5E00E1A435 /* Marvel */;
			targetProxy = 4CE0697D20C0BE5F00E1A435 /* PBXContainerItemProxy */;
		};
		4CE0698920C0BE5F00E1A435 /* PBXTargetDependency */ = {
			isa = PBXTargetDependency;
			target = 4CE0696720C0BE5E00E1A435 /* Marvel */;
			targetProxy = 4CE0698820C0BE5F00E1A435 /* PBXContainerItemProxy */;
		};
/* End PBXTargetDependency section */

/* Begin PBXVariantGroup section */
		4CE0696F20C0BE5E00E1A435 /* Main.storyboard */ = {
			isa = PBXVariantGroup;
			children = (
				4CE0697020C0BE5E00E1A435 /* Base */,
			);
			name = Main.storyboard;
			sourceTree = "<group>";
		};
		4CE0697420C0BE5E00E1A435 /* LaunchScreen.storyboard */ = {
			isa = PBXVariantGroup;
			children = (
				4CE0697520C0BE5E00E1A435 /* Base */,
			);
			name = LaunchScreen.storyboard;
			sourceTree = "<group>";
		};
/* End PBXVariantGroup section */

/* Begin XCBuildConfiguration section */
		4CE0698E20C0BE5F00E1A435 /* Debug */ = {
			isa = XCBuildConfiguration;
			buildSettings = {
				ALWAYS_SEARCH_USER_PATHS = NO;
				CLANG_ANALYZER_NONNULL = YES;
				CLANG_ANALYZER_NUMBER_OBJECT_CONVERSION = YES_AGGRESSIVE;
				CLANG_CXX_LANGUAGE_STANDARD = "gnu++14";
				CLANG_CXX_LIBRARY = "libc++";
				CLANG_ENABLE_MODULES = YES;
				CLANG_ENABLE_OBJC_ARC = YES;
				CLANG_WARN_BLOCK_CAPTURE_AUTORELEASING = YES;
				CLANG_WARN_BOOL_CONVERSION = YES;
				CLANG_WARN_COMMA = YES;
				CLANG_WARN_CONSTANT_CONVERSION = YES;
				CLANG_WARN_DIRECT_OBJC_ISA_USAGE = YES_ERROR;
				CLANG_WARN_DOCUMENTATION_COMMENTS = YES;
				CLANG_WARN_EMPTY_BODY = YES;
				CLANG_WARN_ENUM_CONVERSION = YES;
				CLANG_WARN_INFINITE_RECURSION = YES;
				CLANG_WARN_INT_CONVERSION = YES;
				CLANG_WARN_NON_LITERAL_NULL_CONVERSION = YES;
				CLANG_WARN_OBJC_LITERAL_CONVERSION = YES;
				CLANG_WARN_OBJC_ROOT_CLASS = YES_ERROR;
				CLANG_WARN_RANGE_LOOP_ANALYSIS = YES;
				CLANG_WARN_STRICT_PROTOTYPES = YES;
				CLANG_WARN_SUSPICIOUS_MOVE = YES;
				CLANG_WARN_UNGUARDED_AVAILABILITY = YES_AGGRESSIVE;
				CLANG_WARN_UNREACHABLE_CODE = YES;
				CLANG_WARN__DUPLICATE_METHOD_MATCH = YES;
				CODE_SIGN_IDENTITY = "iPhone Developer";
				COPY_PHASE_STRIP = NO;
				DEBUG_INFORMATION_FORMAT = dwarf;
				ENABLE_STRICT_OBJC_MSGSEND = YES;
				ENABLE_TESTABILITY = YES;
				GCC_C_LANGUAGE_STANDARD = gnu11;
				GCC_DYNAMIC_NO_PIC = NO;
				GCC_NO_COMMON_BLOCKS = YES;
				GCC_OPTIMIZATION_LEVEL = 0;
				GCC_PREPROCESSOR_DEFINITIONS = (
					"DEBUG=1",
					"$(inherited)",
				);
				GCC_WARN_64_TO_32_BIT_CONVERSION = YES;
				GCC_WARN_ABOUT_RETURN_TYPE = YES_ERROR;
				GCC_WARN_UNDECLARED_SELECTOR = YES;
				GCC_WARN_UNINITIALIZED_AUTOS = YES_AGGRESSIVE;
				GCC_WARN_UNUSED_FUNCTION = YES;
				GCC_WARN_UNUSED_VARIABLE = YES;
				IPHONEOS_DEPLOYMENT_TARGET = 11.2;
				MTL_ENABLE_DEBUG_INFO = YES;
				ONLY_ACTIVE_ARCH = YES;
				SDKROOT = iphoneos;
				SWIFT_ACTIVE_COMPILATION_CONDITIONS = DEBUG;
				SWIFT_OPTIMIZATION_LEVEL = "-Onone";
			};
			name = Debug;
		};
		4CE0698F20C0BE5F00E1A435 /* Release */ = {
			isa = XCBuildConfiguration;
			buildSettings = {
				ALWAYS_SEARCH_USER_PATHS = NO;
				CLANG_ANALYZER_NONNULL = YES;
				CLANG_ANALYZER_NUMBER_OBJECT_CONVERSION = YES_AGGRESSIVE;
				CLANG_CXX_LANGUAGE_STANDARD = "gnu++14";
				CLANG_CXX_LIBRARY = "libc++";
				CLANG_ENABLE_MODULES = YES;
				CLANG_ENABLE_OBJC_ARC = YES;
				CLANG_WARN_BLOCK_CAPTURE_AUTORELEASING = YES;
				CLANG_WARN_BOOL_CONVERSION = YES;
				CLANG_WARN_COMMA = YES;
				CLANG_WARN_CONSTANT_CONVERSION = YES;
				CLANG_WARN_DIRECT_OBJC_ISA_USAGE = YES_ERROR;
				CLANG_WARN_DOCUMENTATION_COMMENTS = YES;
				CLANG_WARN_EMPTY_BODY = YES;
				CLANG_WARN_ENUM_CONVERSION = YES;
				CLANG_WARN_INFINITE_RECURSION = YES;
				CLANG_WARN_INT_CONVERSION = YES;
				CLANG_WARN_NON_LITERAL_NULL_CONVERSION = YES;
				CLANG_WARN_OBJC_LITERAL_CONVERSION = YES;
				CLANG_WARN_OBJC_ROOT_CLASS = YES_ERROR;
				CLANG_WARN_RANGE_LOOP_ANALYSIS = YES;
				CLANG_WARN_STRICT_PROTOTYPES = YES;
				CLANG_WARN_SUSPICIOUS_MOVE = YES;
				CLANG_WARN_UNGUARDED_AVAILABILITY = YES_AGGRESSIVE;
				CLANG_WARN_UNREACHABLE_CODE = YES;
				CLANG_WARN__DUPLICATE_METHOD_MATCH = YES;
				CODE_SIGN_IDENTITY = "iPhone Developer";
				COPY_PHASE_STRIP = NO;
				DEBUG_INFORMATION_FORMAT = "dwarf-with-dsym";
				ENABLE_NS_ASSERTIONS = NO;
				ENABLE_STRICT_OBJC_MSGSEND = YES;
				GCC_C_LANGUAGE_STANDARD = gnu11;
				GCC_NO_COMMON_BLOCKS = YES;
				GCC_WARN_64_TO_32_BIT_CONVERSION = YES;
				GCC_WARN_ABOUT_RETURN_TYPE = YES_ERROR;
				GCC_WARN_UNDECLARED_SELECTOR = YES;
				GCC_WARN_UNINITIALIZED_AUTOS = YES_AGGRESSIVE;
				GCC_WARN_UNUSED_FUNCTION = YES;
				GCC_WARN_UNUSED_VARIABLE = YES;
				IPHONEOS_DEPLOYMENT_TARGET = 11.2;
				MTL_ENABLE_DEBUG_INFO = NO;
				SDKROOT = iphoneos;
				SWIFT_OPTIMIZATION_LEVEL = "-Owholemodule";
				VALIDATE_PRODUCT = YES;
			};
			name = Release;
		};
		4CE0699120C0BE5F00E1A435 /* Debug */ = {
			isa = XCBuildConfiguration;
			buildSettings = {
				ASSETCATALOG_COMPILER_APPICON_NAME = AppIcon;
				CODE_SIGN_STYLE = Automatic;
				INFOPLIST_FILE = Marvel/Info.plist;
				LD_RUNPATH_SEARCH_PATHS = "$(inherited) @executable_path/Frameworks";
				PRODUCT_BUNDLE_IDENTIFIER = fr.epita.Marvel;
				PRODUCT_NAME = "$(TARGET_NAME)";
				SWIFT_VERSION = 4.0;
				TARGETED_DEVICE_FAMILY = "1,2";
			};
			name = Debug;
		};
		4CE0699220C0BE5F00E1A435 /* Release */ = {
			isa = XCBuildConfiguration;
			buildSettings = {
				ASSETCATALOG_COMPILER_APPICON_NAME = AppIcon;
				CODE_SIGN_STYLE = Automatic;
				INFOPLIST_FILE = Marvel/Info.plist;
				LD_RUNPATH_SEARCH_PATHS = "$(inherited) @executable_path/Frameworks";
				PRODUCT_BUNDLE_IDENTIFIER = fr.epita.Marvel;
				PRODUCT_NAME = "$(TARGET_NAME)";
				SWIFT_VERSION = 4.0;
				TARGETED_DEVICE_FAMILY = "1,2";
			};
			name = Release;
		};
		4CE0699420C0BE5F00E1A435 /* Debug */ = {
			isa = XCBuildConfiguration;
			buildSettings = {
				ALWAYS_EMBED_SWIFT_STANDARD_LIBRARIES = YES;
				BUNDLE_LOADER = "$(TEST_HOST)";
				CODE_SIGN_STYLE = Automatic;
				INFOPLIST_FILE = MarvelTests/Info.plist;
				LD_RUNPATH_SEARCH_PATHS = "$(inherited) @executable_path/Frameworks @loader_path/Frameworks";
				PRODUCT_BUNDLE_IDENTIFIER = fr.epita.MarvelTests;
				PRODUCT_NAME = "$(TARGET_NAME)";
				SWIFT_VERSION = 4.0;
				TARGETED_DEVICE_FAMILY = "1,2";
				TEST_HOST = "$(BUILT_PRODUCTS_DIR)/Marvel.app/Marvel";
			};
			name = Debug;
		};
		4CE0699520C0BE5F00E1A435 /* Release */ = {
			isa = XCBuildConfiguration;
			buildSettings = {
				ALWAYS_EMBED_SWIFT_STANDARD_LIBRARIES = YES;
				BUNDLE_LOADER = "$(TEST_HOST)";
				CODE_SIGN_STYLE = Automatic;
				INFOPLIST_FILE = MarvelTests/Info.plist;
				LD_RUNPATH_SEARCH_PATHS = "$(inherited) @executable_path/Frameworks @loader_path/Frameworks";
				PRODUCT_BUNDLE_IDENTIFIER = fr.epita.MarvelTests;
				PRODUCT_NAME = "$(TARGET_NAME)";
				SWIFT_VERSION = 4.0;
				TARGETED_DEVICE_FAMILY = "1,2";
				TEST_HOST = "$(BUILT_PRODUCTS_DIR)/Marvel.app/Marvel";
			};
			name = Release;
		};
		4CE0699720C0BE5F00E1A435 /* Debug */ = {
			isa = XCBuildConfiguration;
			buildSettings = {
				ALWAYS_EMBED_SWIFT_STANDARD_LIBRARIES = YES;
				CODE_SIGN_STYLE = Automatic;
				INFOPLIST_FILE = MarvelUITests/Info.plist;
				LD_RUNPATH_SEARCH_PATHS = "$(inherited) @executable_path/Frameworks @loader_path/Frameworks";
				PRODUCT_BUNDLE_IDENTIFIER = fr.epita.MarvelUITests;
				PRODUCT_NAME = "$(TARGET_NAME)";
				SWIFT_VERSION = 4.0;
				TARGETED_DEVICE_FAMILY = "1,2";
				TEST_TARGET_NAME = Marvel;
			};
			name = Debug;
		};
		4CE0699820C0BE5F00E1A435 /* Release */ = {
			isa = XCBuildConfiguration;
			buildSettings = {
				ALWAYS_EMBED_SWIFT_STANDARD_LIBRARIES = YES;
				CODE_SIGN_STYLE = Automatic;
				INFOPLIST_FILE = MarvelUITests/Info.plist;
				LD_RUNPATH_SEARCH_PATHS = "$(inherited) @executable_path/Frameworks @loader_path/Frameworks";
				PRODUCT_BUNDLE_IDENTIFIER = fr.epita.MarvelUITests;
				PRODUCT_NAME = "$(TARGET_NAME)";
				SWIFT_VERSION = 4.0;
				TARGETED_DEVICE_FAMILY = "1,2";
				TEST_TARGET_NAME = Marvel;
			};
			name = Release;
		};
/* End XCBuildConfiguration section */

/* Begin XCConfigurationList section */
		4CE0696320C0BE5E00E1A435 /* Build configuration list for PBXProject "Marvel" */ = {
			isa = XCConfigurationList;
			buildConfigurations = (
				4CE0698E20C0BE5F00E1A435 /* Debug */,
				4CE0698F20C0BE5F00E1A435 /* Release */,
			);
			defaultConfigurationIsVisible = 0;
			defaultConfigurationName = Release;
		};
		4CE0699020C0BE5F00E1A435 /* Build configuration list for PBXNativeTarget "Marvel" */ = {
			isa = XCConfigurationList;
			buildConfigurations = (
				4CE0699120C0BE5F00E1A435 /* Debug */,
				4CE0699220C0BE5F00E1A435 /* Release */,
			);
			defaultConfigurationIsVisible = 0;
			defaultConfigurationName = Release;
		};
		4CE0699320C0BE5F00E1A435 /* Build configuration list for PBXNativeTarget "MarvelTests" */ = {
			isa = XCConfigurationList;
			buildConfigurations = (
				4CE0699420C0BE5F00E1A435 /* Debug */,
				4CE0699520C0BE5F00E1A435 /* Release */,
			);
			defaultConfigurationIsVisible = 0;
			defaultConfigurationName = Release;
		};
		4CE0699620C0BE5F00E1A435 /* Build configuration list for PBXNativeTarget "MarvelUITests" */ = {
			isa = XCConfigurationList;
			buildConfigurations = (
				4CE0699720C0BE5F00E1A435 /* Debug */,
				4CE0699820C0BE5F00E1A435 /* Release */,
			);
			defaultConfigurationIsVisible = 0;
			defaultConfigurationName = Release;
		};
/* End XCConfigurationList section */
	};
	rootObject = 4CE0696020C0BE5E00E1A435 /* Project object */;
}
